github.com/mitchellh/go-ps v0.0.0-20190716172923-621e5597135b h1:9+ke9YJ9KGWw5ANXK6ozjoK47uI3uNbXv4YVINBnGm8=
github.com/mitchellh/go-ps v0.0.0-20190716172923-621e5597135b/go.mod h1:r1VsdOzOPt1ZSrGZWFoNhsAedKnEd6r9Np1+5blZCWk=
github.com/shirou/gopsutil v2.19.9+incompatible h1:IrPVlK4nfwW10DF7pW+7YJKws9NkgNzWozwwWv9FsgY=
github.com/shirou/gopsutil v2.19.9+incompatible/go.mod h1:5b4v6he4MtMOwMlS0TUMTu2PcXUg8+E1lC7eC3UO/RA=
golang.org/x/sys v0.0.0-20191018095205-727590c5006e h1:ZtoklVMHQy6BFRHkbG6JzK+S6rX82//Yeok1vMlizfQ=
golang.org/x/sys v0.0.0-20191018095205-727590c5006e/go.mod h1:h1NjWce9XRLGQEsW7wpKNCjG9DtNlClVuFLEZdDNbEs=
